
Microsoft Visual Studio Solution File, Format Version 12.00
# Visual Studio Version 17
VisualStudioVersion = 17.2.32630.192
MinimumVisualStudioVersion = 10.0.40219.1
Project("{FAE04EC0-301F-11D3-BF4B-00C04F79EFBC}") = "BlazorBattles.Server", "BlazorBattles\Server\BlazorBattles.Server.csproj", "{0028A41B-97C4-4E37-887B-352A7A90464A}"
EndProject
Project("{FAE04EC0-301F-11D3-BF4B-00C04F79EFBC}") = "BlazorBattles.Client", "BlazorBattles\Client\BlazorBattles.Client.csproj", "{041F8816-02FB-4D37-A272-BEB7A9F18AFE}"
EndProject
Project("{FAE04EC0-301F-11D3-BF4B-00C04F79EFBC}") = "BlazorBattles.Shared", "BlazorBattles\Shared\BlazorBattles.Shared.csproj", "{37EC4094-2EE6-42D9-95EE-663DDE473C22}"
EndProject
Global
	GlobalSection(SolutionConfigurationPlatforms) = preSolution
		Debug|Any CPU = Debug|Any CPU
		Release|Any CPU = Release|Any CPU
	EndGlobalSection
	GlobalSection(ProjectConfigurationPlatforms) = postSolution
		{0028A41B-97C4-4E37-887B-352A7A90464A}.Debug|Any CPU.ActiveCfg = Debug|Any CPU
		{0028A41B-97C4-4E37-887B-352A7A90464A}.Debug|Any CPU.Build.0 = Debug|Any CPU
		{0028A41B-97C4-4E37-887B-352A7A90464A}.Release|Any CPU.ActiveCfg = Release|Any CPU
		{0028A41B-97C4-4E37-887B-352A7A90464A}.Release|Any CPU.Build.0 = Release|Any CPU
		{041F8816-02FB-4D37-A272-BEB7A9F18AFE}.Debug|Any CPU.ActiveCfg = Debug|Any CPU
		{041F8816-02FB-4D37-A272-BEB7A9F18AFE}.Debug|Any CPU.Build.0 = Debug|Any CPU
		{041F8816-02FB-4D37-A272-BEB7A9F18AFE}.Release|Any CPU.ActiveCfg = Release|Any CPU
		{041F8816-02FB-4D37-A272-BEB7A9F18AFE}.Release|Any CPU.Build.0 = Release|Any CPU
		{37EC4094-2EE6-42D9-95EE-663DDE473C22}.Debug|Any CPU.ActiveCfg = Debug|Any CPU
		{37EC4094-2EE6-42D9-95EE-663DDE473C22}.Debug|Any CPU.Build.0 = Debug|Any CPU
		{37EC4094-2EE6-42D9-95EE-663DDE473C22}.Release|Any CPU.ActiveCfg = Release|Any CPU
		{37EC4094-2EE6-42D9-95EE-663DDE473C22}.Release|Any CPU.Build.0 = Release|Any CPU
	EndGlobalSection
	GlobalSection(SolutionProperties) = preSolution
		HideSolutionNode = FALSE
	EndGlobalSection
	GlobalSection(ExtensibilityGlobals) = postSolution
		SolutionGuid = {31FBDA51-9D46-4239-A397-758B5F2F482C}
	EndGlobalSection
EndGlobal
